// !$*UTF8*$!
{
	archiveVersion = 1;
	classes = {
	};
	objectVersion = 55;
	objects = {

/* Begin PBXBuildFile section */
		DAACB5A826FB23A000653153 /* AppDelegate.swift in Sources */ = {isa = PBXBuildFile; fileRef = DAACB5A726FB23A000653153 /* AppDelegate.swift */; };
		DAACB5AA26FB23A000653153 /* SceneDelegate.swift in Sources */ = {isa = PBXBuildFile; fileRef = DAACB5A926FB23A000653153 /* SceneDelegate.swift */; };
		DAACB5B126FB23A300653153 /* Assets.xcassets in Resources */ = {isa = PBXBuildFile; fileRef = DAACB5B026FB23A300653153 /* Assets.xcassets */; };
		DAACB5B426FB23A300653153 /* LaunchScreen.storyboard in Resources */ = {isa = PBXBuildFile; fileRef = DAACB5B226FB23A300653153 /* LaunchScreen.storyboard */; };
		DAACB5BC26FB245B00653153 /* JsonPlaceholderUseCase.swift in Sources */ = {isa = PBXBuildFile; fileRef = DAACB5BB26FB245B00653153 /* JsonPlaceholderUseCase.swift */; };
		DAACB5BE26FB24C800653153 /* PostsRepository.swift in Sources */ = {isa = PBXBuildFile; fileRef = DAACB5BD26FB24C800653153 /* PostsRepository.swift */; };
		DAACB5C026FB254C00653153 /* PostsEntity.swift in Sources */ = {isa = PBXBuildFile; fileRef = DAACB5BF26FB254C00653153 /* PostsEntity.swift */; };
		DAACB5C226FB2A5A00653153 /* CommentsRepository.swift in Sources */ = {isa = PBXBuildFile; fileRef = DAACB5C126FB2A5A00653153 /* CommentsRepository.swift */; };
		DAACB5C426FB2A7000653153 /* APIClient.swift in Sources */ = {isa = PBXBuildFile; fileRef = DAACB5C326FB2A7000653153 /* APIClient.swift */; };
		DAACB5C826FB2EDE00653153 /* CommentsEntity.swift in Sources */ = {isa = PBXBuildFile; fileRef = DAACB5C726FB2EDE00653153 /* CommentsEntity.swift */; };
		DAACB5CA26FB32B700653153 /* SwiftUIViewCell.swift in Sources */ = {isa = PBXBuildFile; fileRef = DAACB5C926FB32B700653153 /* SwiftUIViewCell.swift */; };
		DAACB5CC26FB32D300653153 /* SwiftUIEmbeddable.swift in Sources */ = {isa = PBXBuildFile; fileRef = DAACB5CB26FB32D300653153 /* SwiftUIEmbeddable.swift */; };
		DAACB5CE26FB32E600653153 /* SwiftUIReusableView.swift in Sources */ = {isa = PBXBuildFile; fileRef = DAACB5CD26FB32E600653153 /* SwiftUIReusableView.swift */; };
		DAACB5D026FB335800653153 /* SectionHeaderView.swift in Sources */ = {isa = PBXBuildFile; fileRef = DAACB5CF26FB335800653153 /* SectionHeaderView.swift */; };
		DAACB5D226FB337500653153 /*  LabelView.swift in Sources */ = {isa = PBXBuildFile; fileRef = DAACB5D126FB337500653153 /*  LabelView.swift */; };
		DAACB5D426FB33AB00653153 /* UICollectionView+.swift in Sources */ = {isa = PBXBuildFile; fileRef = DAACB5D326FB33AB00653153 /* UICollectionView+.swift */; };
		DAACB5D626FB33CA00653153 /* UIView+.swift in Sources */ = {isa = PBXBuildFile; fileRef = DAACB5D526FB33CA00653153 /* UIView+.swift */; };
		DAACB5D826FB340600653153 /* HomeSection.swift in Sources */ = {isa = PBXBuildFile; fileRef = DAACB5D726FB340600653153 /* HomeSection.swift */; };
		DAACB5DA26FB342100653153 /* HomeCell.swift in Sources */ = {isa = PBXBuildFile; fileRef = DAACB5D926FB342100653153 /* HomeCell.swift */; };
		DAACB5DE26FB38B900653153 /* NSObject+.swift in Sources */ = {isa = PBXBuildFile; fileRef = DAACB5DD26FB38B900653153 /* NSObject+.swift */; };
		DAACB5E126FB3B0F00653153 /* HomeViewController.swift in Sources */ = {isa = PBXBuildFile; fileRef = DAACB5DF26FB3B0F00653153 /* HomeViewController.swift */; };
		DAACB5E226FB3B0F00653153 /* HomeViewController.xib in Resources */ = {isa = PBXBuildFile; fileRef = DAACB5E026FB3B0F00653153 /* HomeViewController.xib */; };
/* End PBXBuildFile section */

/* Begin PBXFileReference section */
		DAACB5A426FB23A000653153 /* Augusta.app */ = {isa = PBXFileReference; explicitFileType = wrapper.application; includeInIndex = 0; path = Augusta.app; sourceTree = BUILT_PRODUCTS_DIR; };
		DAACB5A726FB23A000653153 /* AppDelegate.swift */ = {isa = PBXFileReference; lastKnownFileType = sourcecode.swift; path = AppDelegate.swift; sourceTree = "<group>"; };
		DAACB5A926FB23A000653153 /* SceneDelegate.swift */ = {isa = PBXFileReference; lastKnownFileType = sourcecode.swift; path = SceneDelegate.swift; sourceTree = "<group>"; };
		DAACB5B026FB23A300653153 /* Assets.xcassets */ = {isa = PBXFileReference; lastKnownFileType = folder.assetcatalog; path = Assets.xcassets; sourceTree = "<group>"; };
		DAACB5B326FB23A300653153 /* Base */ = {isa = PBXFileReference; lastKnownFileType = file.storyboard; name = Base; path = Base.lproj/LaunchScreen.storyboard; sourceTree = "<group>"; };
		DAACB5B526FB23A300653153 /* Info.plist */ = {isa = PBXFileReference; lastKnownFileType = text.plist.xml; path = Info.plist; sourceTree = "<group>"; };
		DAACB5BB26FB245B00653153 /* JsonPlaceholderUseCase.swift */ = {isa = PBXFileReference; lastKnownFileType = sourcecode.swift; path = JsonPlaceholderUseCase.swift; sourceTree = "<group>"; };
		DAACB5BD26FB24C800653153 /* PostsRepository.swift */ = {isa = PBXFileReference; lastKnownFileType = sourcecode.swift; path = PostsRepository.swift; sourceTree = "<group>"; };
		DAACB5BF26FB254C00653153 /* PostsEntity.swift */ = {isa = PBXFileReference; lastKnownFileType = sourcecode.swift; path = PostsEntity.swift; sourceTree = "<group>"; };
		DAACB5C126FB2A5A00653153 /* CommentsRepository.swift */ = {isa = PBXFileReference; lastKnownFileType = sourcecode.swift; path = CommentsRepository.swift; sourceTree = "<group>"; };
		DAACB5C326FB2A7000653153 /* APIClient.swift */ = {isa = PBXFileReference; lastKnownFileType = sourcecode.swift; path = APIClient.swift; sourceTree = "<group>"; };
		DAACB5C726FB2EDE00653153 /* CommentsEntity.swift */ = {isa = PBXFileReference; lastKnownFileType = sourcecode.swift; path = CommentsEntity.swift; sourceTree = "<group>"; };
		DAACB5C926FB32B700653153 /* SwiftUIViewCell.swift */ = {isa = PBXFileReference; lastKnownFileType = sourcecode.swift; path = SwiftUIViewCell.swift; sourceTree = "<group>"; };
		DAACB5CB26FB32D300653153 /* SwiftUIEmbeddable.swift */ = {isa = PBXFileReference; lastKnownFileType = sourcecode.swift; path = SwiftUIEmbeddable.swift; sourceTree = "<group>"; };
		DAACB5CD26FB32E600653153 /* SwiftUIReusableView.swift */ = {isa = PBXFileReference; lastKnownFileType = sourcecode.swift; path = SwiftUIReusableView.swift; sourceTree = "<group>"; };
		DAACB5CF26FB335800653153 /* SectionHeaderView.swift */ = {isa = PBXFileReference; lastKnownFileType = sourcecode.swift; path = SectionHeaderView.swift; sourceTree = "<group>"; };
		DAACB5D126FB337500653153 /*  LabelView.swift */ = {isa = PBXFileReference; lastKnownFileType = sourcecode.swift; path = " LabelView.swift"; sourceTree = "<group>"; };
		DAACB5D326FB33AB00653153 /* UICollectionView+.swift */ = {isa = PBXFileReference; lastKnownFileType = sourcecode.swift; path = "UICollectionView+.swift"; sourceTree = "<group>"; };
		DAACB5D526FB33CA00653153 /* UIView+.swift */ = {isa = PBXFileReference; lastKnownFileType = sourcecode.swift; path = "UIView+.swift"; sourceTree = "<group>"; };
		DAACB5D726FB340600653153 /* HomeSection.swift */ = {isa = PBXFileReference; lastKnownFileType = sourcecode.swift; path = HomeSection.swift; sourceTree = "<group>"; };
		DAACB5D926FB342100653153 /* HomeCell.swift */ = {isa = PBXFileReference; lastKnownFileType = sourcecode.swift; path = HomeCell.swift; sourceTree = "<group>"; };
		DAACB5DD26FB38B900653153 /* NSObject+.swift */ = {isa = PBXFileReference; lastKnownFileType = sourcecode.swift; path = "NSObject+.swift"; sourceTree = "<group>"; };
		DAACB5DF26FB3B0F00653153 /* HomeViewController.swift */ = {isa = PBXFileReference; lastKnownFileType = sourcecode.swift; path = HomeViewController.swift; sourceTree = "<group>"; };
		DAACB5E026FB3B0F00653153 /* HomeViewController.xib */ = {isa = PBXFileReference; lastKnownFileType = file.xib; path = HomeViewController.xib; sourceTree = "<group>"; };
/* End PBXFileReference section */

/* Begin PBXFrameworksBuildPhase section */
		DAACB5A126FB23A000653153 /* Frameworks */ = {
			isa = PBXFrameworksBuildPhase;
			buildActionMask = 2147483647;
			files = (
			);
			runOnlyForDeploymentPostprocessing = 0;
		};
/* End PBXFrameworksBuildPhase section */

/* Begin PBXGroup section */
		DAACB59B26FB23A000653153 = {
			isa = PBXGroup;
			children = (
				DAACB5A626FB23A000653153 /* Augusta */,
				DAACB5A526FB23A000653153 /* Products */,
			);
			sourceTree = "<group>";
		};
		DAACB5A526FB23A000653153 /* Products */ = {
			isa = PBXGroup;
			children = (
				DAACB5A426FB23A000653153 /* Augusta.app */,
			);
			name = Products;
			sourceTree = "<group>";
		};
		DAACB5A626FB23A000653153 /* Augusta */ = {
			isa = PBXGroup;
			children = (
				DAACB5A726FB23A000653153 /* AppDelegate.swift */,
				DAACB5A926FB23A000653153 /* SceneDelegate.swift */,
				DAACB5DF26FB3B0F00653153 /* HomeViewController.swift */,
				DAACB5E026FB3B0F00653153 /* HomeViewController.xib */,
				DAACB5D726FB340600653153 /* HomeSection.swift */,
				DAACB5D926FB342100653153 /* HomeCell.swift */,
				DAACB5CF26FB335800653153 /* SectionHeaderView.swift */,
				DAACB5D126FB337500653153 /*  LabelView.swift */,
				DAACB5C926FB32B700653153 /* SwiftUIViewCell.swift */,
				DAACB5CD26FB32E600653153 /* SwiftUIReusableView.swift */,
				DAACB5CB26FB32D300653153 /* SwiftUIEmbeddable.swift */,
				DAACB5D326FB33AB00653153 /* UICollectionView+.swift */,
				DAACB5D526FB33CA00653153 /* UIView+.swift */,
				DAACB5DD26FB38B900653153 /* NSObject+.swift */,
				DAACB5BB26FB245B00653153 /* JsonPlaceholderUseCase.swift */,
				DAACB5BD26FB24C800653153 /* PostsRepository.swift */,
				DAACB5BF26FB254C00653153 /* PostsEntity.swift */,
				DAACB5C126FB2A5A00653153 /* CommentsRepository.swift */,
				DAACB5C726FB2EDE00653153 /* CommentsEntity.swift */,
				DAACB5C326FB2A7000653153 /* APIClient.swift */,
				DAACB5B026FB23A300653153 /* Assets.xcassets */,
				DAACB5B226FB23A300653153 /* LaunchScreen.storyboard */,
				DAACB5B526FB23A300653153 /* Info.plist */,
			);
			path = Augusta;
			sourceTree = "<group>";
		};
/* End PBXGroup section */

/* Begin PBXNativeTarget section */
		DAACB5A326FB23A000653153 /* Augusta */ = {
			isa = PBXNativeTarget;
			buildConfigurationList = DAACB5B826FB23A300653153 /* Build configuration list for PBXNativeTarget "Augusta" */;
			buildPhases = (
				DAACB5A026FB23A000653153 /* Sources */,
				DAACB5A126FB23A000653153 /* Frameworks */,
				DAACB5A226FB23A000653153 /* Resources */,
			);
			buildRules = (
			);
			dependencies = (
			);
			name = Augusta;
			productName = Augusta;
			productReference = DAACB5A426FB23A000653153 /* Augusta.app */;
			productType = "com.apple.product-type.application";
		};
/* End PBXNativeTarget section */

/* Begin PBXProject section */
		DAACB59C26FB23A000653153 /* Project object */ = {
			isa = PBXProject;
			attributes = {
				BuildIndependentTargetsInParallel = 1;
				LastSwiftUpdateCheck = 1300;
				LastUpgradeCheck = 1300;
				TargetAttributes = {
					DAACB5A326FB23A000653153 = {
						CreatedOnToolsVersion = 13.0;
					};
				};
			};
			buildConfigurationList = DAACB59F26FB23A000653153 /* Build configuration list for PBXProject "Augusta" */;
			compatibilityVersion = "Xcode 13.0";
			developmentRegion = en;
			hasScannedForEncodings = 0;
			knownRegions = (
				en,
				Base,
			);
			mainGroup = DAACB59B26FB23A000653153;
			productRefGroup = DAACB5A526FB23A000653153 /* Products */;
			projectDirPath = "";
			projectRoot = "";
			targets = (
				DAACB5A326FB23A000653153 /* Augusta */,
			);
		};
/* End PBXProject section */

/* Begin PBXResourcesBuildPhase section */
		DAACB5A226FB23A000653153 /* Resources */ = {
			isa = PBXResourcesBuildPhase;
			buildActionMask = 2147483647;
			files = (
				DAACB5B426FB23A300653153 /* LaunchScreen.storyboard in Resources */,
				DAACB5B126FB23A300653153 /* Assets.xcassets in Resources */,
				DAACB5E226FB3B0F00653153 /* HomeViewController.xib in Resources */,
			);
			runOnlyForDeploymentPostprocessing = 0;
		};
/* End PBXResourcesBuildPhase section */

/* Begin PBXSourcesBuildPhase section */
		DAACB5A026FB23A000653153 /* Sources */ = {
			isa = PBXSourcesBuildPhase;
			buildActionMask = 2147483647;
			files = (
				DAACB5D226FB337500653153 /*  LabelView.swift in Sources */,
				DAACB5C826FB2EDE00653153 /* CommentsEntity.swift in Sources */,
				DAACB5D826FB340600653153 /* HomeSection.swift in Sources */,
				DAACB5BE26FB24C800653153 /* PostsRepository.swift in Sources */,
				DAACB5D026FB335800653153 /* SectionHeaderView.swift in Sources */,
				DAACB5D426FB33AB00653153 /* UICollectionView+.swift in Sources */,
				DAACB5CC26FB32D300653153 /* SwiftUIEmbeddable.swift in Sources */,
				DAACB5BC26FB245B00653153 /* JsonPlaceholderUseCase.swift in Sources */,
				DAACB5CE26FB32E600653153 /* SwiftUIReusableView.swift in Sources */,
				DAACB5CA26FB32B700653153 /* SwiftUIViewCell.swift in Sources */,
				DAACB5C426FB2A7000653153 /* APIClient.swift in Sources */,
				DAACB5C226FB2A5A00653153 /* CommentsRepository.swift in Sources */,
				DAACB5DE26FB38B900653153 /* NSObject+.swift in Sources */,
				DAACB5D626FB33CA00653153 /* UIView+.swift in Sources */,
				DAACB5E126FB3B0F00653153 /* HomeViewController.swift in Sources */,
				DAACB5A826FB23A000653153 /* AppDelegate.swift in Sources */,
				DAACB5C026FB254C00653153 /* PostsEntity.swift in Sources */,
				DAACB5DA26FB342100653153 /* HomeCell.swift in Sources */,
				DAACB5AA26FB23A000653153 /* SceneDelegate.swift in Sources */,
			);
			runOnlyForDeploymentPostprocessing = 0;
		};
/* End PBXSourcesBuildPhase section */

/* Begin PBXVariantGroup section */
		DAACB5B226FB23A300653153 /* LaunchScreen.storyboard */ = {
			isa = PBXVariantGroup;
			children = (
				DAACB5B326FB23A300653153 /* Base */,
			);
			name = LaunchScreen.storyboard;
			sourceTree = "<group>";
		};
/* End PBXVariantGroup section */

/* Begin XCBuildConfiguration section */
		DAACB5B626FB23A300653153 /* Debug */ = {
			isa = XCBuildConfiguration;
			buildSettings = {
				ALWAYS_SEARCH_USER_PATHS = NO;
				CLANG_ANALYZER_NONNULL = YES;
				CLANG_ANALYZER_NUMBER_OBJECT_CONVERSION = YES_AGGRESSIVE;
				CLANG_CXX_LANGUAGE_STANDARD = "gnu++17";
				CLANG_CXX_LIBRARY = "libc++";
				CLANG_ENABLE_MODULES = YES;
				CLANG_ENABLE_OBJC_ARC = YES;
				CLANG_ENABLE_OBJC_WEAK = YES;
				CLANG_WARN_BLOCK_CAPTURE_AUTORELEASING = YES;
				CLANG_WARN_BOOL_CONVERSION = YES;
				CLANG_WARN_COMMA = YES;
				CLANG_WARN_CONSTANT_CONVERSION = YES;
				CLANG_WARN_DEPRECATED_OBJC_IMPLEMENTATIONS = YES;
				CLANG_WARN_DIRECT_OBJC_ISA_USAGE = YES_ERROR;
				CLANG_WARN_DOCUMENTATION_COMMENTS = YES;
				CLANG_WARN_EMPTY_BODY = YES;
				CLANG_WARN_ENUM_CONVERSION = YES;
				CLANG_WARN_INFINITE_RECURSION = YES;
				CLANG_WARN_INT_CONVERSION = YES;
				CLANG_WARN_NON_LITERAL_NULL_CONVERSION = YES;
				CLANG_WARN_OBJC_IMPLICIT_RETAIN_SELF = YES;
				CLANG_WARN_OBJC_LITERAL_CONVERSION = YES;
				CLANG_WARN_OBJC_ROOT_CLASS = YES_ERROR;
				CLANG_WARN_QUOTED_INCLUDE_IN_FRAMEWORK_HEADER = YES;
				CLANG_WARN_RANGE_LOOP_ANALYSIS = YES;
				CLANG_WARN_STRICT_PROTOTYPES = YES;
				CLANG_WARN_SUSPICIOUS_MOVE = YES;
				CLANG_WARN_UNGUARDED_AVAILABILITY = YES_AGGRESSIVE;
				CLANG_WARN_UNREACHABLE_CODE = YES;
				CLANG_WARN__DUPLICATE_METHOD_MATCH = YES;
				COPY_PHASE_STRIP = NO;
				DEBUG_INFORMATION_FORMAT = dwarf;
				ENABLE_STRICT_OBJC_MSGSEND = YES;
				ENABLE_TESTABILITY = YES;
				GCC_C_LANGUAGE_STANDARD = gnu11;
				GCC_DYNAMIC_NO_PIC = NO;
				GCC_NO_COMMON_BLOCKS = YES;
				GCC_OPTIMIZATION_LEVEL = 0;
				GCC_PREPROCESSOR_DEFINITIONS = (
					"DEBUG=1",
					"$(inherited)",
				);
				GCC_WARN_64_TO_32_BIT_CONVERSION = YES;
				GCC_WARN_ABOUT_RETURN_TYPE = YES_ERROR;
				GCC_WARN_UNDECLARED_SELECTOR = YES;
				GCC_WARN_UNINITIALIZED_AUTOS = YES_AGGRESSIVE;
				GCC_WARN_UNUSED_FUNCTION = YES;
				GCC_WARN_UNUSED_VARIABLE = YES;
				IPHONEOS_DEPLOYMENT_TARGET = 15.0;
				MTL_ENABLE_DEBUG_INFO = INCLUDE_SOURCE;
				MTL_FAST_MATH = YES;
				ONLY_ACTIVE_ARCH = YES;
				SDKROOT = iphoneos;
				SWIFT_ACTIVE_COMPILATION_CONDITIONS = DEBUG;
				SWIFT_OPTIMIZATION_LEVEL = "-Onone";
			};
			name = Debug;
		};
		DAACB5B726FB23A300653153 /* Release */ = {
			isa = XCBuildConfiguration;
			buildSettings = {
				ALWAYS_SEARCH_USER_PATHS = NO;
				CLANG_ANALYZER_NONNULL = YES;
				CLANG_ANALYZER_NUMBER_OBJECT_CONVERSION = YES_AGGRESSIVE;
				CLANG_CXX_LANGUAGE_STANDARD = "gnu++17";
				CLANG_CXX_LIBRARY = "libc++";
				CLANG_ENABLE_MODULES = YES;
				CLANG_ENABLE_OBJC_ARC = YES;
				CLANG_ENABLE_OBJC_WEAK = YES;
				CLANG_WARN_BLOCK_CAPTURE_AUTORELEASING = YES;
				CLANG_WARN_BOOL_CONVERSION = YES;
				CLANG_WARN_COMMA = YES;
				CLANG_WARN_CONSTANT_CONVERSION = YES;
				CLANG_WARN_DEPRECATED_OBJC_IMPLEMENTATIONS = YES;
				CLANG_WARN_DIRECT_OBJC_ISA_USAGE = YES_ERROR;
				CLANG_WARN_DOCUMENTATION_COMMENTS = YES;
				CLANG_WARN_EMPTY_BODY = YES;
				CLANG_WARN_ENUM_CONVERSION = YES;
				CLANG_WARN_INFINITE_RECURSION = YES;
				CLANG_WARN_INT_CONVERSION = YES;
				CLANG_WARN_NON_LITERAL_NULL_CONVERSION = YES;
				CLANG_WARN_OBJC_IMPLICIT_RETAIN_SELF = YES;
				CLANG_WARN_OBJC_LITERAL_CONVERSION = YES;
				CLANG_WARN_OBJC_ROOT_CLASS = YES_ERROR;
				CLANG_WARN_QUOTED_INCLUDE_IN_FRAMEWORK_HEADER = YES;
				CLANG_WARN_RANGE_LOOP_ANALYSIS = YES;
				CLANG_WARN_STRICT_PROTOTYPES = YES;
				CLANG_WARN_SUSPICIOUS_MOVE = YES;
				CLANG_WARN_UNGUARDED_AVAILABILITY = YES_AGGRESSIVE;
				CLANG_WARN_UNREACHABLE_CODE = YES;
				CLANG_WARN__DUPLICATE_METHOD_MATCH = YES;
				COPY_PHASE_STRIP = NO;
				DEBUG_INFORMATION_FORMAT = "dwarf-with-dsym";
				ENABLE_NS_ASSERTIONS = NO;
				ENABLE_STRICT_OBJC_MSGSEND = YES;
				GCC_C_LANGUAGE_STANDARD = gnu11;
				GCC_NO_COMMON_BLOCKS = YES;
				GCC_WARN_64_TO_32_BIT_CONVERSION = YES;
				GCC_WARN_ABOUT_RETURN_TYPE = YES_ERROR;
				GCC_WARN_UNDECLARED_SELECTOR = YES;
				GCC_WARN_UNINITIALIZED_AUTOS = YES_AGGRESSIVE;
				GCC_WARN_UNUSED_FUNCTION = YES;
				GCC_WARN_UNUSED_VARIABLE = YES;
				IPHONEOS_DEPLOYMENT_TARGET = 15.0;
				MTL_ENABLE_DEBUG_INFO = NO;
				MTL_FAST_MATH = YES;
				SDKROOT = iphoneos;
				SWIFT_COMPILATION_MODE = wholemodule;
				SWIFT_OPTIMIZATION_LEVEL = "-O";
				VALIDATE_PRODUCT = YES;
			};
			name = Release;
		};
		DAACB5B926FB23A300653153 /* Debug */ = {
			isa = XCBuildConfiguration;
			buildSettings = {
				ASSETCATALOG_COMPILER_APPICON_NAME = AppIcon;
				ASSETCATALOG_COMPILER_GLOBAL_ACCENT_COLOR_NAME = AccentColor;
				CODE_SIGN_STYLE = Automatic;
				CURRENT_PROJECT_VERSION = 1;
				DEVELOPMENT_TEAM = 8U533Y3X82;
				GENERATE_INFOPLIST_FILE = YES;
				INFOPLIST_FILE = Augusta/Info.plist;
				INFOPLIST_KEY_UIApplicationSupportsIndirectInputEvents = YES;
				INFOPLIST_KEY_UILaunchStoryboardName = LaunchScreen;
				INFOPLIST_KEY_UISupportedInterfaceOrientations_iPad = "UIInterfaceOrientationPortrait UIInterfaceOrientationPortraitUpsideDown UIInterfaceOrientationLandscapeLeft UIInterfaceOrientationLandscapeRight";
				INFOPLIST_KEY_UISupportedInterfaceOrientations_iPhone = "UIInterfaceOrientationPortrait UIInterfaceOrientationLandscapeLeft UIInterfaceOrientationLandscapeRight";
				LD_RUNPATH_SEARCH_PATHS = (
					"$(inherited)",
					"@executable_path/Frameworks",
				);
				MARKETING_VERSION = 1.0;
				PRODUCT_BUNDLE_IDENTIFIER = com.shotanakagami.Augusta;
				PRODUCT_NAME = "$(TARGET_NAME)";
				SWIFT_EMIT_LOC_STRINGS = YES;
				SWIFT_VERSION = 5.0;
				TARGETED_DEVICE_FAMILY = "1,2";
			};
			name = Debug;
		};
		DAACB5BA26FB23A300653153 /* Release */ = {
			isa = XCBuildConfiguration;
			buildSettings = {
				ASSETCATALOG_COMPILER_APPICON_NAME = AppIcon;
				ASSETCATALOG_COMPILER_GLOBAL_ACCENT_COLOR_NAME = AccentColor;
				CODE_SIGN_STYLE = Automatic;
				CURRENT_PROJECT_VERSION = 1;
				DEVELOPMENT_TEAM = 8U533Y3X82;
				GENERATE_INFOPLIST_FILE = YES;
				INFOPLIST_FILE = Augusta/Info.plist;
				INFOPLIST_KEY_UIApplicationSupportsIndirectInputEvents = YES;
				INFOPLIST_KEY_UILaunchStoryboardName = LaunchScreen;
				INFOPLIST_KEY_UISupportedInterfaceOrientations_iPad = "UIInterfaceOrientationPortrait UIInterfaceOrientationPortraitUpsideDown UIInterfaceOrientationLandscapeLeft UIInterfaceOrientationLandscapeRight";
				INFOPLIST_KEY_UISupportedInterfaceOrientations_iPhone = "UIInterfaceOrientationPortrait UIInterfaceOrientationLandscapeLeft UIInterfaceOrientationLandscapeRight";
				LD_RUNPATH_SEARCH_PATHS = (
					"$(inherited)",
					"@executable_path/Frameworks",
				);
				MARKETING_VERSION = 1.0;
				PRODUCT_BUNDLE_IDENTIFIER = com.shotanakagami.Augusta;
				PRODUCT_NAME = "$(TARGET_NAME)";
				SWIFT_EMIT_LOC_STRINGS = YES;
				SWIFT_VERSION = 5.0;
				TARGETED_DEVICE_FAMILY = "1,2";
			};
			name = Release;
		};
/* End XCBuildConfiguration section */

/* Begin XCConfigurationList section */
		DAACB59F26FB23A000653153 /* Build configuration list for PBXProject "Augusta" */ = {
			isa = XCConfigurationList;
			buildConfigurations = (
				DAACB5B626FB23A300653153 /* Debug */,
				DAACB5B726FB23A300653153 /* Release */,
			);
			defaultConfigurationIsVisible = 0;
			defaultConfigurationName = Release;
		};
		DAACB5B826FB23A300653153 /* Build configuration list for PBXNativeTarget "Augusta" */ = {
			isa = XCConfigurationList;
			buildConfigurations = (
				DAACB5B926FB23A300653153 /* Debug */,
				DAACB5BA26FB23A300653153 /* Release */,
			);
			defaultConfigurationIsVisible = 0;
			defaultConfigurationName = Release;
		};
/* End XCConfigurationList section */
	};
	rootObject = DAACB59C26FB23A000653153 /* Project object */;
}
